
Microsoft Visual Studio Solution File, Format Version 12.00
# Visual Studio 15
VisualStudioVersion = 15.0.27703.2035
MinimumVisualStudioVersion = 10.0.40219.1
Project("{FAE04EC0-301F-11D3-BF4B-00C04F79EFBC}") = "ProjectedRaisesGUI", "ProjectedRaisesGUI\ProjectedRaisesGUI.csproj", "{0D82548D-E4AC-4CCF-A237-D045FD6D488A}"
EndProject
Global
	GlobalSection(SolutionConfigurationPlatforms) = preSolution
		Debug|Any CPU = Debug|Any CPU
		Release|Any CPU = Release|Any CPU
	EndGlobalSection
	GlobalSection(ProjectConfigurationPlatforms) = postSolution
		{0D82548D-E4AC-4CCF-A237-D045FD6D488A}.Debug|Any CPU.ActiveCfg = Debug|Any CPU
		{0D82548D-E4AC-4CCF-A237-D045FD6D488A}.Debug|Any CPU.Build.0 = Debug|Any CPU
		{0D82548D-E4AC-4CCF-A237-D045FD6D488A}.Release|Any CPU.ActiveCfg = Release|Any CPU
		{0D82548D-E4AC-4CCF-A237-D045FD6D488A}.Release|Any CPU.Build.0 = Release|Any CPU
	EndGlobalSection
	GlobalSection(SolutionProperties) = preSolution
		HideSolutionNode = FALSE
	EndGlobalSection
	GlobalSection(ExtensibilityGlobals) = postSolution
		SolutionGuid = {8C1BE2EB-6B53-433F-BB68-FCFA1FE589B6}
	EndGlobalSection
EndGlobal
