
Microsoft Visual Studio Solution File, Format Version 12.00
# Visual Studio 15
VisualStudioVersion = 15.0.27703.2035
MinimumVisualStudioVersion = 10.0.40219.1
Project("{FAE04EC0-301F-11D3-BF4B-00C04F79EFBC}") = "MadLibsGUI", "MadLibsGUI\MadLibsGUI.csproj", "{9D06E9E0-0B82-4008-B8C9-E566E9BC3EC4}"
EndProject
Global
	GlobalSection(SolutionConfigurationPlatforms) = preSolution
		Debug|Any CPU = Debug|Any CPU
		Release|Any CPU = Release|Any CPU
	EndGlobalSection
	GlobalSection(ProjectConfigurationPlatforms) = postSolution
		{9D06E9E0-0B82-4008-B8C9-E566E9BC3EC4}.Debug|Any CPU.ActiveCfg = Debug|Any CPU
		{9D06E9E0-0B82-4008-B8C9-E566E9BC3EC4}.Debug|Any CPU.Build.0 = Debug|Any CPU
		{9D06E9E0-0B82-4008-B8C9-E566E9BC3EC4}.Release|Any CPU.ActiveCfg = Release|Any CPU
		{9D06E9E0-0B82-4008-B8C9-E566E9BC3EC4}.Release|Any CPU.Build.0 = Release|Any CPU
	EndGlobalSection
	GlobalSection(SolutionProperties) = preSolution
		HideSolutionNode = FALSE
	EndGlobalSection
	GlobalSection(ExtensibilityGlobals) = postSolution
		SolutionGuid = {4881C1D1-9F6C-477C-BA38-C3BD534F3BC8}
	EndGlobalSection
EndGlobal
